
Microsoft Visual Studio Solution File, Format Version 12.00
# Visual Studio Version 17
VisualStudioVersion = 17.14.36301.6
MinimumVisualStudioVersion = 10.0.40219.1
Project("{FAE04EC0-301F-11D3-BF4B-00C04F79EFBC}") = "PROJETO22.CSV_CUSTOMER_IMPORT.CHALLENGE.API", "PROJETO22.CSV_CUSTOMER_IMPORT.CHALLENGE.API\PROJETO22.CSV_CUSTOMER_IMPORT.CHALLENGE.API.csproj", "{404C207C-2D9E-4678-AEDA-97EF3708CE63}"
EndProject
Project("{FAE04EC0-301F-11D3-BF4B-00C04F79EFBC}") = "PROJETO22.CSV_CUSTOMER_IMPORT.CHALLENGE.APPLICATION", "PROJETO22.CSV_CUSTOMER_IMPORT.CHALLENGE.APPLICATION\PROJETO22.CSV_CUSTOMER_IMPORT.CHALLENGE.APPLICATION.csproj", "{970666EA-32D7-4CAC-89F4-8820EF312565}"
EndProject
Project("{FAE04EC0-301F-11D3-BF4B-00C04F79EFBC}") = "PROJETO22.CSV_CUSTOMER_IMPORT.CHALLENGE.INFRASTRUCTURE", "PROJETO22.CSV_CUSTOMER_IMPORT.CHALLENGE.INFRASTRUCTURE\PROJETO22.CSV_CUSTOMER_IMPORT.CHALLENGE.INFRASTRUCTURE.csproj", "{B6C58743-7FFE-4FFC-A42F-4EAC6D4930AA}"
EndProject
Project("{FAE04EC0-301F-11D3-BF4B-00C04F79EFBC}") = "PROJETO22.CSV_CUSTOMER_IMPORT.CHALLENGE.DOMAIN", "PROJETO22.CSV_CUSTOMER_IMPORT.CHALLENGE.DOMAIN\PROJETO22.CSV_CUSTOMER_IMPORT.CHALLENGE.DOMAIN.csproj", "{0B490ABC-B892-493D-AA85-5A7B3160BFA6}"
EndProject
Project("{FAE04EC0-301F-11D3-BF4B-00C04F79EFBC}") = "PROJETO22.CSV_CUSTOMER_IMPORT.CHALLENGE.INFRASTRUCTURE.IOC", "PROJETO22.CSV_CUSTOMER_IMPORT.CHALLENGE.INFRASTRUCTURE.IOC\PROJETO22.CSV_CUSTOMER_IMPORT.CHALLENGE.INFRASTRUCTURE.IOC.csproj", "{D9E1AF2B-93F8-4058-AA5B-962A788407F0}"
EndProject
Project("{FAE04EC0-301F-11D3-BF4B-00C04F79EFBC}") = "PROJETO22.CSV_CUSTOMER_IMPORT.CHALLENGE.COMMON", "PROJETO22.CSV_CUSTOMER_IMPORT.CHALLENGE.COMMON\PROJETO22.CSV_CUSTOMER_IMPORT.CHALLENGE.COMMON.csproj", "{1E5AA133-8A1A-4064-833C-065EB671A180}"
EndProject
Project("{FAE04EC0-301F-11D3-BF4B-00C04F79EFBC}") = "PROJETO22.CSV_CUSTOMER_IMPORT.CHALLENGE.TESTS", "PROJETO22.CSV_CUSTOMER_IMPORT.CHALLENGE.TESTS\PROJETO22.CSV_CUSTOMER_IMPORT.CHALLENGE.TESTS.csproj", "{D7F7000A-C774-4556-8708-FDFAF3A91787}"
EndProject
Global
	GlobalSection(SolutionConfigurationPlatforms) = preSolution
		Debug|Any CPU = Debug|Any CPU
		Release|Any CPU = Release|Any CPU
	EndGlobalSection
	GlobalSection(ProjectConfigurationPlatforms) = postSolution
		{404C207C-2D9E-4678-AEDA-97EF3708CE63}.Debug|Any CPU.ActiveCfg = Debug|Any CPU
		{404C207C-2D9E-4678-AEDA-97EF3708CE63}.Debug|Any CPU.Build.0 = Debug|Any CPU
		{404C207C-2D9E-4678-AEDA-97EF3708CE63}.Release|Any CPU.ActiveCfg = Release|Any CPU
		{404C207C-2D9E-4678-AEDA-97EF3708CE63}.Release|Any CPU.Build.0 = Release|Any CPU
		{970666EA-32D7-4CAC-89F4-8820EF312565}.Debug|Any CPU.ActiveCfg = Debug|Any CPU
		{970666EA-32D7-4CAC-89F4-8820EF312565}.Debug|Any CPU.Build.0 = Debug|Any CPU
		{970666EA-32D7-4CAC-89F4-8820EF312565}.Release|Any CPU.ActiveCfg = Release|Any CPU
		{970666EA-32D7-4CAC-89F4-8820EF312565}.Release|Any CPU.Build.0 = Release|Any CPU
		{B6C58743-7FFE-4FFC-A42F-4EAC6D4930AA}.Debug|Any CPU.ActiveCfg = Debug|Any CPU
		{B6C58743-7FFE-4FFC-A42F-4EAC6D4930AA}.Debug|Any CPU.Build.0 = Debug|Any CPU
		{B6C58743-7FFE-4FFC-A42F-4EAC6D4930AA}.Release|Any CPU.ActiveCfg = Release|Any CPU
		{B6C58743-7FFE-4FFC-A42F-4EAC6D4930AA}.Release|Any CPU.Build.0 = Release|Any CPU
		{0B490ABC-B892-493D-AA85-5A7B3160BFA6}.Debug|Any CPU.ActiveCfg = Debug|Any CPU
		{0B490ABC-B892-493D-AA85-5A7B3160BFA6}.Debug|Any CPU.Build.0 = Debug|Any CPU
		{0B490ABC-B892-493D-AA85-5A7B3160BFA6}.Release|Any CPU.ActiveCfg = Release|Any CPU
		{0B490ABC-B892-493D-AA85-5A7B3160BFA6}.Release|Any CPU.Build.0 = Release|Any CPU
		{D9E1AF2B-93F8-4058-AA5B-962A788407F0}.Debug|Any CPU.ActiveCfg = Debug|Any CPU
		{D9E1AF2B-93F8-4058-AA5B-962A788407F0}.Debug|Any CPU.Build.0 = Debug|Any CPU
		{D9E1AF2B-93F8-4058-AA5B-962A788407F0}.Release|Any CPU.ActiveCfg = Release|Any CPU
		{D9E1AF2B-93F8-4058-AA5B-962A788407F0}.Release|Any CPU.Build.0 = Release|Any CPU
		{1E5AA133-8A1A-4064-833C-065EB671A180}.Debug|Any CPU.ActiveCfg = Debug|Any CPU
		{1E5AA133-8A1A-4064-833C-065EB671A180}.Debug|Any CPU.Build.0 = Debug|Any CPU
		{1E5AA133-8A1A-4064-833C-065EB671A180}.Release|Any CPU.ActiveCfg = Release|Any CPU
		{1E5AA133-8A1A-4064-833C-065EB671A180}.Release|Any CPU.Build.0 = Release|Any CPU
		{D7F7000A-C774-4556-8708-FDFAF3A91787}.Debug|Any CPU.ActiveCfg = Debug|Any CPU
		{D7F7000A-C774-4556-8708-FDFAF3A91787}.Debug|Any CPU.Build.0 = Debug|Any CPU
		{D7F7000A-C774-4556-8708-FDFAF3A91787}.Release|Any CPU.ActiveCfg = Release|Any CPU
		{D7F7000A-C774-4556-8708-FDFAF3A91787}.Release|Any CPU.Build.0 = Release|Any CPU
	EndGlobalSection
	GlobalSection(SolutionProperties) = preSolution
		HideSolutionNode = FALSE
	EndGlobalSection
	GlobalSection(ExtensibilityGlobals) = postSolution
		SolutionGuid = {0EA3A9D2-462E-4F00-B26A-D9CE9F495EBA}
	EndGlobalSection
EndGlobal
